
Microsoft Visual Studio Solution File, Format Version 12.00
# Visual Studio Version 16
VisualStudioVersion = 16.0.31229.75
MinimumVisualStudioVersion = 10.0.40219.1
Project("{9A19103F-16F7-4668-BE54-9A1E7A4F7556}") = "ModerApiTest", "ModerApiTest\ModerApiTest.csproj", "{0BF150FC-FE49-44F3-896D-4E51F5508DC5}"
EndProject
Project("{9A19103F-16F7-4668-BE54-9A1E7A4F7556}") = "ModerApiTest.DAL", "ModerApiTest.DAL\ModerApiTest.DAL.csproj", "{8D9051B8-D1BB-4BA7-B890-D3318B3BE236}"
EndProject
Project("{E53339B2-1760-4266-BCC7-CA923CBCF16C}") = "docker-compose", "docker-compose.dcproj", "{7654C329-D34F-41E5-A279-55466C8796E5}"
EndProject
Global
	GlobalSection(SolutionConfigurationPlatforms) = preSolution
		Debug|Any CPU = Debug|Any CPU
		Release|Any CPU = Release|Any CPU
	EndGlobalSection
	GlobalSection(ProjectConfigurationPlatforms) = postSolution
		{0BF150FC-FE49-44F3-896D-4E51F5508DC5}.Debug|Any CPU.ActiveCfg = Debug|Any CPU
		{0BF150FC-FE49-44F3-896D-4E51F5508DC5}.Debug|Any CPU.Build.0 = Debug|Any CPU
		{0BF150FC-FE49-44F3-896D-4E51F5508DC5}.Release|Any CPU.ActiveCfg = Release|Any CPU
		{0BF150FC-FE49-44F3-896D-4E51F5508DC5}.Release|Any CPU.Build.0 = Release|Any CPU
		{8D9051B8-D1BB-4BA7-B890-D3318B3BE236}.Debug|Any CPU.ActiveCfg = Debug|Any CPU
		{8D9051B8-D1BB-4BA7-B890-D3318B3BE236}.Debug|Any CPU.Build.0 = Debug|Any CPU
		{8D9051B8-D1BB-4BA7-B890-D3318B3BE236}.Release|Any CPU.ActiveCfg = Release|Any CPU
		{8D9051B8-D1BB-4BA7-B890-D3318B3BE236}.Release|Any CPU.Build.0 = Release|Any CPU
		{7654C329-D34F-41E5-A279-55466C8796E5}.Debug|Any CPU.ActiveCfg = Debug|Any CPU
		{7654C329-D34F-41E5-A279-55466C8796E5}.Debug|Any CPU.Build.0 = Debug|Any CPU
		{7654C329-D34F-41E5-A279-55466C8796E5}.Release|Any CPU.ActiveCfg = Release|Any CPU
		{7654C329-D34F-41E5-A279-55466C8796E5}.Release|Any CPU.Build.0 = Release|Any CPU
	EndGlobalSection
	GlobalSection(SolutionProperties) = preSolution
		HideSolutionNode = FALSE
	EndGlobalSection
	GlobalSection(ExtensibilityGlobals) = postSolution
		SolutionGuid = {5DF96E88-A6C5-4A99-A4B0-73A0B884574D}
	EndGlobalSection
EndGlobal
